{
  "object": {
    "pins": [
      {
        "package": "ShareClient",
        "repositoryURL": "https://github.com/LoopKit/dexcom-share-client-swift.git",
        "state": {
          "branch": "package-experiment2",
          "revision": "f71d1735efb15272f277d5841d9ae6c6bb87918a",
          "version": null
        }
      },
      {
        "package": "LoopKit",
        "repositoryURL": "https://github.com/LoopKit/LoopKit.git",
        "state": {
          "branch": "package-experiment2",
          "revision": "21a49a163614253b48c74aa803a6cb7f42adf4d1",
          "version": null
        }
      },
      {
        "package": "SwiftCharts",
        "repositoryURL": "https://github.com/ps2/SwiftCharts.git",
        "state": {
          "branch": "uikit-explicit",
          "revision": "2919cbcec95ca45fad31262426d6008a28ca7fb5",
          "version": null
        }
      }
    ]
  },
  "version": 1
}
